<?xml version="1.0" encoding="utf-8"?>
<Project ToolsVersion="4.0" xmlns="http://schemas.microsoft.com/developer/msbuild/2003">
  <ItemGroup>
    <Filter Include="ソース ファイル">
      <UniqueIdentifier>{4FC737F1-C7A5-4376-A066-2A32D752A2FF}</UniqueIdentifier>
      <Extensions>cpp;c;cc;cxx;def;odl;idl;hpj;bat;asm;asmx</Extensions>
    </Filter>
    <Filter Include="ヘッダー ファイル">
      <UniqueIdentifier>{93995380-89BD-4b04-88EB-625FBE52EBFB}</UniqueIdentifier>
      <Extensions>h;hh;hpp;hxx;hm;inl;inc;xsd</Extensions>
    </Filter>
    <Filter Include="リソース ファイル">
      <UniqueIdentifier>{67DA6AB6-F800-4c08-8B7A-83BB121AAD01}</UniqueIdentifier>
      <Extensions>rc;ico;cur;bmp;dlg;rc2;rct;bin;rgs;gif;jpg;jpeg;jpe;resx;tiff;tif;png;wav;mfcribbon-ms</Extensions>
    </Filter>
    <Filter Include="ソース ファイル\Include">
      <UniqueIdentifier>{61ca5937-5443-4169-9473-ffc48fedfaeb}</UniqueIdentifier>
    </Filter>
    <Filter Include="ソース ファイル\Scene">
      <UniqueIdentifier>{2d2fdc5b-39dd-4227-a97f-6272dfb385e9}</UniqueIdentifier>
    </Filter>
    <Filter Include="ソース ファイル\System">
      <UniqueIdentifier>{7533ea84-397e-48d7-9549-2268826fdab4}</UniqueIdentifier>
    </Filter>
    <Filter Include="ソース ファイル\Model">
      <UniqueIdentifier>{e6e1dc25-b06b-4e6a-9bef-07b032b76dbb}</UniqueIdentifier>
    </Filter>
    <Filter Include="ソース ファイル\Object">
      <UniqueIdentifier>{3918a127-5f6f-4aa3-bd90-bb8d0f37a29a}</UniqueIdentifier>
    </Filter>
    <Filter Include="ソース ファイル\Camera">
      <UniqueIdentifier>{adb1bc6b-adb7-4879-8927-442ac6bff0d0}</UniqueIdentifier>
    </Filter>
    <Filter Include="ソース ファイル\Include\imgui">
      <UniqueIdentifier>{4143b34c-33dc-4fb8-b4b2-ef8882beb958}</UniqueIdentifier>
    </Filter>
    <Filter Include="ソース ファイル\Effect">
      <UniqueIdentifier>{7c547cdc-69bb-46de-9049-13cb21115dab}</UniqueIdentifier>
    </Filter>
    <Filter Include="ソース ファイル\Include\Effekseer">
      <UniqueIdentifier>{5d96cdc3-71b2-4b09-bad1-7afd0662b84e}</UniqueIdentifier>
    </Filter>
    <Filter Include="ソース ファイル\Shader">
      <UniqueIdentifier>{b3a19695-604c-4941-b8b9-9843cb4b7531}</UniqueIdentifier>
    </Filter>
    <Filter Include="ソース ファイル\Stage">
      <UniqueIdentifier>{fa9066e0-d667-4766-80d3-c5199b99d6be}</UniqueIdentifier>
    </Filter>
  </ItemGroup>
  <ItemGroup>
    <ClInclude Include="main.h">
      <Filter>ソース ファイル</Filter>
    </ClInclude>
    <ClInclude Include="collision.h">
      <Filter>ソース ファイル</Filter>
    </ClInclude>
    <ClInclude Include="include\MouseController.hpp">
      <Filter>ソース ファイル\Include</Filter>
    </ClInclude>
    <ClInclude Include="include\MyApp.h">
      <Filter>ソース ファイル\Include</Filter>
    </ClInclude>
    <ClInclude Include="include\packet.h">
      <Filter>ソース ファイル\Include</Filter>
    </ClInclude>
    <ClInclude Include="include\public.h">
      <Filter>ソース ファイル\Include</Filter>
    </ClInclude>
    <ClInclude Include="include\stdafx.h">
      <Filter>ソース ファイル\Include</Filter>
    </ClInclude>
    <ClInclude Include="include\tools.hpp">
      <Filter>ソース ファイル\Include</Filter>
    </ClInclude>
    <ClInclude Include="include\vjoyinterface.h">
      <Filter>ソース ファイル\Include</Filter>
    </ClInclude>
    <ClInclude Include="include\hidapi.h">
      <Filter>ソース ファイル\Include</Filter>
    </ClInclude>
    <ClInclude Include="include\Joycon.hpp">
      <Filter>ソース ファイル\Include</Filter>
    </ClInclude>
    <ClInclude Include="result.h">
      <Filter>ソース ファイル\Scene</Filter>
    </ClInclude>
    <ClInclude Include="scene.h">
      <Filter>ソース ファイル\Scene</Filter>
    </ClInclude>
    <ClInclude Include="title.h">
      <Filter>ソース ファイル\Scene</Filter>
    </ClInclude>
    <ClInclude Include="game.h">
      <Filter>ソース ファイル\Scene</Filter>
    </ClInclude>
    <ClInclude Include="calculate.h">
      <Filter>ソース ファイル\System</Filter>
    </ClInclude>
    <ClInclude Include="debugproc.h">
      <Filter>ソース ファイル\System</Filter>
    </ClInclude>
    <ClInclude Include="fade.h">
      <Filter>ソース ファイル\System</Filter>
    </ClInclude>
    <ClInclude Include="input.h">
      <Filter>ソース ファイル\System</Filter>
    </ClInclude>
    <ClInclude Include="joycon.h">
      <Filter>ソース ファイル\System</Filter>
    </ClInclude>
    <ClInclude Include="sound.h">
      <Filter>ソース ファイル\System</Filter>
    </ClInclude>
    <ClInclude Include="XModel.h">
      <Filter>ソース ファイル\Model</Filter>
    </ClInclude>
    <ClInclude Include="XTexture.h">
      <Filter>ソース ファイル\Model</Filter>
    </ClInclude>
    <ClInclude Include="object.h">
      <Filter>ソース ファイル\Object</Filter>
    </ClInclude>
    <ClInclude Include="wing.h">
      <Filter>ソース ファイル\Object</Filter>
    </ClInclude>
    <ClInclude Include="skydome.h">
      <Filter>ソース ファイル\Object</Filter>
    </ClInclude>
    <ClInclude Include="camera.h">
      <Filter>ソース ファイル\Camera</Filter>
    </ClInclude>
    <ClInclude Include="light.h">
      <Filter>ソース ファイル\Camera</Filter>
    </ClInclude>
    <ClInclude Include="cube.h">
      <Filter>ソース ファイル\Object</Filter>
    </ClInclude>
    <ClInclude Include="include\imgui\imgui_internal.h">
      <Filter>ソース ファイル\Include\imgui</Filter>
    </ClInclude>
    <ClInclude Include="include\imgui\imstb_rectpack.h">
      <Filter>ソース ファイル\Include\imgui</Filter>
    </ClInclude>
    <ClInclude Include="include\imgui\imstb_textedit.h">
      <Filter>ソース ファイル\Include\imgui</Filter>
    </ClInclude>
    <ClInclude Include="include\imgui\imstb_truetype.h">
      <Filter>ソース ファイル\Include\imgui</Filter>
    </ClInclude>
    <ClInclude Include="include\imgui\stb_rect_pack.h">
      <Filter>ソース ファイル\Include\imgui</Filter>
    </ClInclude>
    <ClInclude Include="include\imgui\stb_textedit.h">
      <Filter>ソース ファイル\Include\imgui</Filter>
    </ClInclude>
    <ClInclude Include="include\imgui\stb_truetype.h">
      <Filter>ソース ファイル\Include\imgui</Filter>
    </ClInclude>
    <ClInclude Include="include\imgui\imconfig.h">
      <Filter>ソース ファイル\Include\imgui</Filter>
    </ClInclude>
    <ClInclude Include="include\imgui\imgui.h">
      <Filter>ソース ファイル\Include\imgui</Filter>
    </ClInclude>
    <ClInclude Include="include\imgui\imgui_impl_dx9.h">
      <Filter>ソース ファイル\Include\imgui</Filter>
    </ClInclude>
    <ClInclude Include="effect.h">
      <Filter>ソース ファイル\Effect</Filter>
    </ClInclude>
    <ClInclude Include="include\Effekseer\EffekseerRendererDX11.h">
      <Filter>ソース ファイル\Include\Effekseer</Filter>
    </ClInclude>
    <ClInclude Include="include\Effekseer\EffekseerRendererGL.h">
      <Filter>ソース ファイル\Include\Effekseer</Filter>
    </ClInclude>
    <ClInclude Include="include\Effekseer\EffekseerSoundAL.h">
      <Filter>ソース ファイル\Include\Effekseer</Filter>
    </ClInclude>
    <ClInclude Include="include\Effekseer\EffekseerSoundXAudio2.h">
      <Filter>ソース ファイル\Include\Effekseer</Filter>
    </ClInclude>
    <ClInclude Include="include\Effekseer\Effekseer.h">
      <Filter>ソース ファイル\Include\Effekseer</Filter>
    </ClInclude>
    <ClInclude Include="include\Effekseer\EffekseerRendererDX9.h">
      <Filter>ソース ファイル\Include\Effekseer</Filter>
    </ClInclude>
    <ClInclude Include="player.h">
      <Filter>ソース ファイル\Object</Filter>
    </ClInclude>
    <ClInclude Include="SkinMeshX.h">
      <Filter>ソース ファイル\Model</Filter>
    </ClInclude>
    <ClInclude Include="selectface.h">
      <Filter>ソース ファイル\Object</Filter>
    </ClInclude>
    <ClInclude Include="select.h">
      <Filter>ソース ファイル\Scene</Filter>
    </ClInclude>
    <ClInclude Include="character.h">
      <Filter>ソース ファイル\Object</Filter>
    </ClInclude>
    <ClInclude Include="titlelogo.h">
      <Filter>ソース ファイル\Object</Filter>
    </ClInclude>
    <ClInclude Include="particle.h">
      <Filter>ソース ファイル\Effect</Filter>
    </ClInclude>
    <ClInclude Include="shader.h">
      <Filter>ソース ファイル\Shader</Filter>
    </ClInclude>
    <ClInclude Include="titlemesh.h">
      <Filter>ソース ファイル\Object</Filter>
    </ClInclude>
    <ClInclude Include="gage.h">
      <Filter>ソース ファイル\Object</Filter>
    </ClInclude>
    <ClInclude Include="resultselect.h">
      <Filter>ソース ファイル\Object</Filter>
    </ClInclude>
    <ClInclude Include="stage.h">
      <Filter>ソース ファイル\Stage</Filter>
    </ClInclude>
    <ClInclude Include="stagevirtual.h">
      <Filter>ソース ファイル\Stage</Filter>
    </ClInclude>
    <ClInclude Include="plane.h">
      <Filter>ソース ファイル\Stage</Filter>
    </ClInclude>
    <ClInclude Include="box.h">
      <Filter>ソース ファイル\Stage</Filter>
    </ClInclude>
    <ClInclude Include="gray.h">
      <Filter>ソース ファイル\Object</Filter>
    </ClInclude>
    <ClInclude Include="SkinAssimp.h">
      <Filter>ソース ファイル\Model</Filter>
    </ClInclude>
  </ItemGroup>
  <ItemGroup>
    <ClCompile Include="collision.cpp">
      <Filter>ソース ファイル</Filter>
    </ClCompile>
    <ClCompile Include="main.cpp">
      <Filter>ソース ファイル</Filter>
    </ClCompile>
    <ClCompile Include="result.cpp">
      <Filter>ソース ファイル\Scene</Filter>
    </ClCompile>
    <ClCompile Include="scene.cpp">
      <Filter>ソース ファイル\Scene</Filter>
    </ClCompile>
    <ClCompile Include="title.cpp">
      <Filter>ソース ファイル\Scene</Filter>
    </ClCompile>
    <ClCompile Include="game.cpp">
      <Filter>ソース ファイル\Scene</Filter>
    </ClCompile>
    <ClCompile Include="calculate.cpp">
      <Filter>ソース ファイル\System</Filter>
    </ClCompile>
    <ClCompile Include="debugproc.cpp">
      <Filter>ソース ファイル\System</Filter>
    </ClCompile>
    <ClCompile Include="fade.cpp">
      <Filter>ソース ファイル\System</Filter>
    </ClCompile>
    <ClCompile Include="input.cpp">
      <Filter>ソース ファイル\System</Filter>
    </ClCompile>
    <ClCompile Include="joycon.cpp">
      <Filter>ソース ファイル\System</Filter>
    </ClCompile>
    <ClCompile Include="sound.cpp">
      <Filter>ソース ファイル\System</Filter>
    </ClCompile>
    <ClCompile Include="XModel.cpp">
      <Filter>ソース ファイル\Model</Filter>
    </ClCompile>
    <ClCompile Include="XTexture.cpp">
      <Filter>ソース ファイル\Model</Filter>
    </ClCompile>
    <ClCompile Include="object.cpp">
      <Filter>ソース ファイル\Object</Filter>
    </ClCompile>
    <ClCompile Include="player.cpp">
      <Filter>ソース ファイル\Object</Filter>
    </ClCompile>
    <ClCompile Include="wing.cpp">
      <Filter>ソース ファイル\Object</Filter>
    </ClCompile>
    <ClCompile Include="skydome.cpp">
      <Filter>ソース ファイル\Object</Filter>
    </ClCompile>
    <ClCompile Include="camera.cpp">
      <Filter>ソース ファイル\Camera</Filter>
    </ClCompile>
    <ClCompile Include="light.cpp">
      <Filter>ソース ファイル\Camera</Filter>
    </ClCompile>
    <ClCompile Include="cube.cpp">
      <Filter>ソース ファイル\Object</Filter>
    </ClCompile>
    <ClCompile Include="include\imgui\imgui_draw.cpp">
      <Filter>ソース ファイル\Include\imgui</Filter>
    </ClCompile>
    <ClCompile Include="include\imgui\imgui_widgets.cpp">
      <Filter>ソース ファイル\Include\imgui</Filter>
    </ClCompile>
    <ClCompile Include="include\imgui\imgui.cpp">
      <Filter>ソース ファイル\Include\imgui</Filter>
    </ClCompile>
    <ClCompile Include="include\imgui\imgui_demo.cpp">
      <Filter>ソース ファイル\Include\imgui</Filter>
    </ClCompile>
    <ClCompile Include="include\imgui\imgui_impl_dx9.cpp">
      <Filter>ソース ファイル\Include\imgui</Filter>
    </ClCompile>
    <ClCompile Include="effect.cpp">
      <Filter>ソース ファイル\Effect</Filter>
    </ClCompile>
    <ClCompile Include="SkinMeshX.cpp">
      <Filter>ソース ファイル\Model</Filter>
    </ClCompile>
    <ClCompile Include="selectface.h.cpp">
      <Filter>ソース ファイル\Object</Filter>
    </ClCompile>
    <ClCompile Include="select.cpp">
      <Filter>ソース ファイル\Scene</Filter>
    </ClCompile>
    <ClCompile Include="character.cpp">
      <Filter>ソース ファイル\Object</Filter>
    </ClCompile>
    <ClCompile Include="titlelogo.cpp">
      <Filter>ソース ファイル\Object</Filter>
    </ClCompile>
    <ClCompile Include="particle.cpp">
      <Filter>ソース ファイル\Effect</Filter>
    </ClCompile>
    <ClCompile Include="shader.cpp">
      <Filter>ソース ファイル\Shader</Filter>
    </ClCompile>
    <ClCompile Include="titlemesh.cpp">
      <Filter>ソース ファイル\Object</Filter>
    </ClCompile>
    <ClCompile Include="gage.cpp">
      <Filter>ソース ファイル\Object</Filter>
    </ClCompile>
    <ClCompile Include="resultselect.cpp">
      <Filter>ソース ファイル\Object</Filter>
    </ClCompile>
    <ClCompile Include="stage.cpp">
      <Filter>ソース ファイル\Stage</Filter>
    </ClCompile>
    <ClCompile Include="stagevirtual.cpp">
      <Filter>ソース ファイル\Stage</Filter>
    </ClCompile>
    <ClCompile Include="plane.cpp">
      <Filter>ソース ファイル\Stage</Filter>
    </ClCompile>
    <ClCompile Include="box.cpp">
      <Filter>ソース ファイル\Stage</Filter>
    </ClCompile>
    <ClCompile Include="gray.cpp">
      <Filter>ソース ファイル\Object</Filter>
    </ClCompile>
    <ClCompile Include="SkinAssimp.cpp">
      <Filter>ソース ファイル\Model</Filter>
    </ClCompile>
  </ItemGroup>
  <ItemGroup>
    <FxCompile Include="data\SHADER\sprite.fx">
      <Filter>ソース ファイル\Shader</Filter>
    </FxCompile>
    <FxCompile Include="data\SHADER\xmodel.fx">
      <Filter>ソース ファイル\Shader</Filter>
    </FxCompile>
    <FxCompile Include="data\SHADER\billboard.fx">
      <Filter>ソース ファイル\Shader</Filter>
    </FxCompile>
    <FxCompile Include="data\SHADER\skinmesh.fx">
      <Filter>ソース ファイル\Shader</Filter>
    </FxCompile>
    <FxCompile Include="data\SHADER\plane.fx">
      <Filter>ソース ファイル\Shader</Filter>
    </FxCompile>
    <FxCompile Include="data\SHADER\box.fx">
      <Filter>ソース ファイル\Shader</Filter>
    </FxCompile>
  </ItemGroup>
</Project>